// !$*UTF8*$!
{
	archiveVersion = 1;
	classes = {
	};
	objectVersion = 48;
	objects = {

/* Begin PBXBuildFile section */
		03EA62D02073C7A4009F28F2 /* AppDelegate.swift in Sources */ = {isa = PBXBuildFile; fileRef = 03EA62CF2073C7A4009F28F2 /* AppDelegate.swift */; };
		03EA62D22073C7A4009F28F2 /* ViewController.swift in Sources */ = {isa = PBXBuildFile; fileRef = 03EA62D12073C7A4009F28F2 /* ViewController.swift */; };
		03EA62D52073C7A4009F28F2 /* Main.storyboard in Resources */ = {isa = PBXBuildFile; fileRef = 03EA62D32073C7A4009F28F2 /* Main.storyboard */; };
		03EA62D72073C7A4009F28F2 /* Assets.xcassets in Resources */ = {isa = PBXBuildFile; fileRef = 03EA62D62073C7A4009F28F2 /* Assets.xcassets */; };
		03EA62DA2073C7A4009F28F2 /* LaunchScreen.storyboard in Resources */ = {isa = PBXBuildFile; fileRef = 03EA62D82073C7A4009F28F2 /* LaunchScreen.storyboard */; };
		03EA62E52073C7A4009F28F2 /* iOS_Workshop2Tests.swift in Sources */ = {isa = PBXBuildFile; fileRef = 03EA62E42073C7A4009F28F2 /* iOS_Workshop2Tests.swift */; };
		03EA62F02073C7A4009F28F2 /* iOS_Workshop2UITests.swift in Sources */ = {isa = PBXBuildFile; fileRef = 03EA62EF2073C7A4009F28F2 /* iOS_Workshop2UITests.swift */; };
/* End PBXBuildFile section */

/* Begin PBXContainerItemProxy section */
		03EA62E12073C7A4009F28F2 /* PBXContainerItemProxy */ = {
			isa = PBXContainerItemProxy;
			containerPortal = 03EA62C42073C7A4009F28F2 /* Project object */;
			proxyType = 1;
			remoteGlobalIDString = 03EA62CB2073C7A4009F28F2;
			remoteInfo = iOS_Workshop2;
		};
		03EA62EC2073C7A4009F28F2 /* PBXContainerItemProxy */ = {
			isa = PBXContainerItemProxy;
			containerPortal = 03EA62C42073C7A4009F28F2 /* Project object */;
			proxyType = 1;
			remoteGlobalIDString = 03EA62CB2073C7A4009F28F2;
			remoteInfo = iOS_Workshop2;
		};
/* End PBXContainerItemProxy section */

/* Begin PBXFileReference section */
		03EA62CC2073C7A4009F28F2 /* iOS_Workshop2.app */ = {isa = PBXFileReference; explicitFileType = wrapper.application; includeInIndex = 0; path = iOS_Workshop2.app; sourceTree = BUILT_PRODUCTS_DIR; };
		03EA62CF2073C7A4009F28F2 /* AppDelegate.swift */ = {isa = PBXFileReference; lastKnownFileType = sourcecode.swift; path = AppDelegate.swift; sourceTree = "<group>"; };
		03EA62D12073C7A4009F28F2 /* ViewController.swift */ = {isa = PBXFileReference; lastKnownFileType = sourcecode.swift; path = ViewController.swift; sourceTree = "<group>"; };
		03EA62D42073C7A4009F28F2 /* Base */ = {isa = PBXFileReference; lastKnownFileType = file.storyboard; name = Base; path = Base.lproj/Main.storyboard; sourceTree = "<group>"; };
		03EA62D62073C7A4009F28F2 /* Assets.xcassets */ = {isa = PBXFileReference; lastKnownFileType = folder.assetcatalog; path = Assets.xcassets; sourceTree = "<group>"; };
		03EA62D92073C7A4009F28F2 /* Base */ = {isa = PBXFileReference; lastKnownFileType = file.storyboard; name = Base; path = Base.lproj/LaunchScreen.storyboard; sourceTree = "<group>"; };
		03EA62DB2073C7A4009F28F2 /* Info.plist */ = {isa = PBXFileReference; lastKnownFileType = text.plist.xml; path = Info.plist; sourceTree = "<group>"; };
		03EA62E02073C7A4009F28F2 /* iOS_Workshop2Tests.xctest */ = {isa = PBXFileReference; explicitFileType = wrapper.cfbundle; includeInIndex = 0; path = iOS_Workshop2Tests.xctest; sourceTree = BUILT_PRODUCTS_DIR; };
		03EA62E42073C7A4009F28F2 /* iOS_Workshop2Tests.swift */ = {isa = PBXFileReference; lastKnownFileType = sourcecode.swift; path = iOS_Workshop2Tests.swift; sourceTree = "<group>"; };
		03EA62E62073C7A4009F28F2 /* Info.plist */ = {isa = PBXFileReference; lastKnownFileType = text.plist.xml; path = Info.plist; sourceTree = "<group>"; };
		03EA62EB2073C7A4009F28F2 /* iOS_Workshop2UITests.xctest */ = {isa = PBXFileReference; explicitFileType = wrapper.cfbundle; includeInIndex = 0; path = iOS_Workshop2UITests.xctest; sourceTree = BUILT_PRODUCTS_DIR; };
		03EA62EF2073C7A4009F28F2 /* iOS_Workshop2UITests.swift */ = {isa = PBXFileReference; lastKnownFileType = sourcecode.swift; path = iOS_Workshop2UITests.swift; sourceTree = "<group>"; };
		03EA62F12073C7A4009F28F2 /* Info.plist */ = {isa = PBXFileReference; lastKnownFileType = text.plist.xml; path = Info.plist; sourceTree = "<group>"; };
/* End PBXFileReference section */

/* Begin PBXFrameworksBuildPhase section */
		03EA62C92073C7A4009F28F2 /* Frameworks */ = {
			isa = PBXFrameworksBuildPhase;
			buildActionMask = 2147483647;
			files = (
			);
			runOnlyForDeploymentPostprocessing = 0;
		};
		03EA62DD2073C7A4009F28F2 /* Frameworks */ = {
			isa = PBXFrameworksBuildPhase;
			buildActionMask = 2147483647;
			files = (
			);
			runOnlyForDeploymentPostprocessing = 0;
		};
		03EA62E82073C7A4009F28F2 /* Frameworks */ = {
			isa = PBXFrameworksBuildPhase;
			buildActionMask = 2147483647;
			files = (
			);
			runOnlyForDeploymentPostprocessing = 0;
		};
/* End PBXFrameworksBuildPhase section */

/* Begin PBXGroup section */
		03EA62C32073C7A4009F28F2 = {
			isa = PBXGroup;
			children = (
				03EA62CE2073C7A4009F28F2 /* iOS_Workshop2 */,
				03EA62E32073C7A4009F28F2 /* iOS_Workshop2Tests */,
				03EA62EE2073C7A4009F28F2 /* iOS_Workshop2UITests */,
				03EA62CD2073C7A4009F28F2 /* Products */,
			);
			sourceTree = "<group>";
		};
		03EA62CD2073C7A4009F28F2 /* Products */ = {
			isa = PBXGroup;
			children = (
				03EA62CC2073C7A4009F28F2 /* iOS_Workshop2.app */,
				03EA62E02073C7A4009F28F2 /* iOS_Workshop2Tests.xctest */,
				03EA62EB2073C7A4009F28F2 /* iOS_Workshop2UITests.xctest */,
			);
			name = Products;
			sourceTree = "<group>";
		};
		03EA62CE2073C7A4009F28F2 /* iOS_Workshop2 */ = {
			isa = PBXGroup;
			children = (
				03EA62CF2073C7A4009F28F2 /* AppDelegate.swift */,
				03EA62D12073C7A4009F28F2 /* ViewController.swift */,
				03EA62D32073C7A4009F28F2 /* Main.storyboard */,
				03EA62D62073C7A4009F28F2 /* Assets.xcassets */,
				03EA62D82073C7A4009F28F2 /* LaunchScreen.storyboard */,
				03EA62DB2073C7A4009F28F2 /* Info.plist */,
			);
			path = iOS_Workshop2;
			sourceTree = "<group>";
		};
		03EA62E32073C7A4009F28F2 /* iOS_Workshop2Tests */ = {
			isa = PBXGroup;
			children = (
				03EA62E42073C7A4009F28F2 /* iOS_Workshop2Tests.swift */,
				03EA62E62073C7A4009F28F2 /* Info.plist */,
			);
			path = iOS_Workshop2Tests;
			sourceTree = "<group>";
		};
		03EA62EE2073C7A4009F28F2 /* iOS_Workshop2UITests */ = {
			isa = PBXGroup;
			children = (
				03EA62EF2073C7A4009F28F2 /* iOS_Workshop2UITests.swift */,
				03EA62F12073C7A4009F28F2 /* Info.plist */,
			);
			path = iOS_Workshop2UITests;
			sourceTree = "<group>";
		};
/* End PBXGroup section */

/* Begin PBXNativeTarget section */
		03EA62CB2073C7A4009F28F2 /* iOS_Workshop2 */ = {
			isa = PBXNativeTarget;
			buildConfigurationList = 03EA62F42073C7A4009F28F2 /* Build configuration list for PBXNativeTarget "iOS_Workshop2" */;
			buildPhases = (
				03EA62C82073C7A4009F28F2 /* Sources */,
				03EA62C92073C7A4009F28F2 /* Frameworks */,
				03EA62CA2073C7A4009F28F2 /* Resources */,
			);
			buildRules = (
			);
			dependencies = (
			);
			name = iOS_Workshop2;
			productName = iOS_Workshop2;
			productReference = 03EA62CC2073C7A4009F28F2 /* iOS_Workshop2.app */;
			productType = "com.apple.product-type.application";
		};
		03EA62DF2073C7A4009F28F2 /* iOS_Workshop2Tests */ = {
			isa = PBXNativeTarget;
			buildConfigurationList = 03EA62F72073C7A4009F28F2 /* Build configuration list for PBXNativeTarget "iOS_Workshop2Tests" */;
			buildPhases = (
				03EA62DC2073C7A4009F28F2 /* Sources */,
				03EA62DD2073C7A4009F28F2 /* Frameworks */,
				03EA62DE2073C7A4009F28F2 /* Resources */,
			);
			buildRules = (
			);
			dependencies = (
				03EA62E22073C7A4009F28F2 /* PBXTargetDependency */,
			);
			name = iOS_Workshop2Tests;
			productName = iOS_Workshop2Tests;
			productReference = 03EA62E02073C7A4009F28F2 /* iOS_Workshop2Tests.xctest */;
			productType = "com.apple.product-type.bundle.unit-test";
		};
		03EA62EA2073C7A4009F28F2 /* iOS_Workshop2UITests */ = {
			isa = PBXNativeTarget;
			buildConfigurationList = 03EA62FA2073C7A4009F28F2 /* Build configuration list for PBXNativeTarget "iOS_Workshop2UITests" */;
			buildPhases = (
				03EA62E72073C7A4009F28F2 /* Sources */,
				03EA62E82073C7A4009F28F2 /* Frameworks */,
				03EA62E92073C7A4009F28F2 /* Resources */,
			);
			buildRules = (
			);
			dependencies = (
				03EA62ED2073C7A4009F28F2 /* PBXTargetDependency */,
			);
			name = iOS_Workshop2UITests;
			productName = iOS_Workshop2UITests;
			productReference = 03EA62EB2073C7A4009F28F2 /* iOS_Workshop2UITests.xctest */;
			productType = "com.apple.product-type.bundle.ui-testing";
		};
/* End PBXNativeTarget section */

/* Begin PBXProject section */
		03EA62C42073C7A4009F28F2 /* Project object */ = {
			isa = PBXProject;
			attributes = {
				LastSwiftUpdateCheck = 0900;
				LastUpgradeCheck = 0900;
				ORGANIZATIONNAME = "Turma Manhã";
				TargetAttributes = {
					03EA62CB2073C7A4009F28F2 = {
						CreatedOnToolsVersion = 9.0;
						ProvisioningStyle = Automatic;
					};
					03EA62DF2073C7A4009F28F2 = {
						CreatedOnToolsVersion = 9.0;
						ProvisioningStyle = Automatic;
						TestTargetID = 03EA62CB2073C7A4009F28F2;
					};
					03EA62EA2073C7A4009F28F2 = {
						CreatedOnToolsVersion = 9.0;
						ProvisioningStyle = Automatic;
						TestTargetID = 03EA62CB2073C7A4009F28F2;
					};
				};
			};
			buildConfigurationList = 03EA62C72073C7A4009F28F2 /* Build configuration list for PBXProject "iOS_Workshop2" */;
			compatibilityVersion = "Xcode 8.0";
			developmentRegion = en;
			hasScannedForEncodings = 0;
			knownRegions = (
				en,
				Base,
			);
			mainGroup = 03EA62C32073C7A4009F28F2;
			productRefGroup = 03EA62CD2073C7A4009F28F2 /* Products */;
			projectDirPath = "";
			projectRoot = "";
			targets = (
				03EA62CB2073C7A4009F28F2 /* iOS_Workshop2 */,
				03EA62DF2073C7A4009F28F2 /* iOS_Workshop2Tests */,
				03EA62EA2073C7A4009F28F2 /* iOS_Workshop2UITests */,
			);
		};
/* End PBXProject section */

/* Begin PBXResourcesBuildPhase section */
		03EA62CA2073C7A4009F28F2 /* Resources */ = {
			isa = PBXResourcesBuildPhase;
			buildActionMask = 2147483647;
			files = (
				03EA62DA2073C7A4009F28F2 /* LaunchScreen.storyboard in Resources */,
				03EA62D72073C7A4009F28F2 /* Assets.xcassets in Resources */,
				03EA62D52073C7A4009F28F2 /* Main.storyboard in Resources */,
			);
			runOnlyForDeploymentPostprocessing = 0;
		};
		03EA62DE2073C7A4009F28F2 /* Resources */ = {
			isa = PBXResourcesBuildPhase;
			buildActionMask = 2147483647;
			files = (
			);
			runOnlyForDeploymentPostprocessing = 0;
		};
		03EA62E92073C7A4009F28F2 /* Resources */ = {
			isa = PBXResourcesBuildPhase;
			buildActionMask = 2147483647;
			files = (
			);
			runOnlyForDeploymentPostprocessing = 0;
		};
/* End PBXResourcesBuildPhase section */

/* Begin PBXSourcesBuildPhase section */
		03EA62C82073C7A4009F28F2 /* Sources */ = {
			isa = PBXSourcesBuildPhase;
			buildActionMask = 2147483647;
			files = (
				03EA62D22073C7A4009F28F2 /* ViewController.swift in Sources */,
				03EA62D02073C7A4009F28F2 /* AppDelegate.swift in Sources */,
			);
			runOnlyForDeploymentPostprocessing = 0;
		};
		03EA62DC2073C7A4009F28F2 /* Sources */ = {
			isa = PBXSourcesBuildPhase;
			buildActionMask = 2147483647;
			files = (
				03EA62E52073C7A4009F28F2 /* iOS_Workshop2Tests.swift in Sources */,
			);
			runOnlyForDeploymentPostprocessing = 0;
		};
		03EA62E72073C7A4009F28F2 /* Sources */ = {
			isa = PBXSourcesBuildPhase;
			buildActionMask = 2147483647;
			files = (
				03EA62F02073C7A4009F28F2 /* iOS_Workshop2UITests.swift in Sources */,
			);
			runOnlyForDeploymentPostprocessing = 0;
		};
/* End PBXSourcesBuildPhase section */

/* Begin PBXTargetDependency section */
		03EA62E22073C7A4009F28F2 /* PBXTargetDependency */ = {
			isa = PBXTargetDependency;
			target = 03EA62CB2073C7A4009F28F2 /* iOS_Workshop2 */;
			targetProxy = 03EA62E12073C7A4009F28F2 /* PBXContainerItemProxy */;
		};
		03EA62ED2073C7A4009F28F2 /* PBXTargetDependency */ = {
			isa = PBXTargetDependency;
			target = 03EA62CB2073C7A4009F28F2 /* iOS_Workshop2 */;
			targetProxy = 03EA62EC2073C7A4009F28F2 /* PBXContainerItemProxy */;
		};
/* End PBXTargetDependency section */

/* Begin PBXVariantGroup section */
		03EA62D32073C7A4009F28F2 /* Main.storyboard */ = {
			isa = PBXVariantGroup;
			children = (
				03EA62D42073C7A4009F28F2 /* Base */,
			);
			name = Main.storyboard;
			sourceTree = "<group>";
		};
		03EA62D82073C7A4009F28F2 /* LaunchScreen.storyboard */ = {
			isa = PBXVariantGroup;
			children = (
				03EA62D92073C7A4009F28F2 /* Base */,
			);
			name = LaunchScreen.storyboard;
			sourceTree = "<group>";
		};
/* End PBXVariantGroup section */

/* Begin XCBuildConfiguration section */
		03EA62F22073C7A4009F28F2 /* Debug */ = {
			isa = XCBuildConfiguration;
			buildSettings = {
				ALWAYS_SEARCH_USER_PATHS = NO;
				CLANG_ANALYZER_NONNULL = YES;
				CLANG_ANALYZER_NUMBER_OBJECT_CONVERSION = YES_AGGRESSIVE;
				CLANG_CXX_LANGUAGE_STANDARD = "gnu++14";
				CLANG_CXX_LIBRARY = "libc++";
				CLANG_ENABLE_MODULES = YES;
				CLANG_ENABLE_OBJC_ARC = YES;
				CLANG_WARN_BLOCK_CAPTURE_AUTORELEASING = YES;
				CLANG_WARN_BOOL_CONVERSION = YES;
				CLANG_WARN_COMMA = YES;
				CLANG_WARN_CONSTANT_CONVERSION = YES;
				CLANG_WARN_DIRECT_OBJC_ISA_USAGE = YES_ERROR;
				CLANG_WARN_DOCUMENTATION_COMMENTS = YES;
				CLANG_WARN_EMPTY_BODY = YES;
				CLANG_WARN_ENUM_CONVERSION = YES;
				CLANG_WARN_INFINITE_RECURSION = YES;
				CLANG_WARN_INT_CONVERSION = YES;
				CLANG_WARN_NON_LITERAL_NULL_CONVERSION = YES;
				CLANG_WARN_OBJC_LITERAL_CONVERSION = YES;
				CLANG_WARN_OBJC_ROOT_CLASS = YES_ERROR;
				CLANG_WARN_RANGE_LOOP_ANALYSIS = YES;
				CLANG_WARN_STRICT_PROTOTYPES = YES;
				CLANG_WARN_SUSPICIOUS_MOVE = YES;
				CLANG_WARN_UNGUARDED_AVAILABILITY = YES_AGGRESSIVE;
				CLANG_WARN_UNREACHABLE_CODE = YES;
				CLANG_WARN__DUPLICATE_METHOD_MATCH = YES;
				CODE_SIGN_IDENTITY = "iPhone Developer";
				COPY_PHASE_STRIP = NO;
				DEBUG_INFORMATION_FORMAT = dwarf;
				ENABLE_STRICT_OBJC_MSGSEND = YES;
				ENABLE_TESTABILITY = YES;
				GCC_C_LANGUAGE_STANDARD = gnu11;
				GCC_DYNAMIC_NO_PIC = NO;
				GCC_NO_COMMON_BLOCKS = YES;
				GCC_OPTIMIZATION_LEVEL = 0;
				GCC_PREPROCESSOR_DEFINITIONS = (
					"DEBUG=1",
					"$(inherited)",
				);
				GCC_WARN_64_TO_32_BIT_CONVERSION = YES;
				GCC_WARN_ABOUT_RETURN_TYPE = YES_ERROR;
				GCC_WARN_UNDECLARED_SELECTOR = YES;
				GCC_WARN_UNINITIALIZED_AUTOS = YES_AGGRESSIVE;
				GCC_WARN_UNUSED_FUNCTION = YES;
				GCC_WARN_UNUSED_VARIABLE = YES;
				IPHONEOS_DEPLOYMENT_TARGET = 11.0;
				MTL_ENABLE_DEBUG_INFO = YES;
				ONLY_ACTIVE_ARCH = YES;
				SDKROOT = iphoneos;
				SWIFT_ACTIVE_COMPILATION_CONDITIONS = DEBUG;
				SWIFT_OPTIMIZATION_LEVEL = "-Onone";
			};
			name = Debug;
		};
		03EA62F32073C7A4009F28F2 /* Release */ = {
			isa = XCBuildConfiguration;
			buildSettings = {
				ALWAYS_SEARCH_USER_PATHS = NO;
				CLANG_ANALYZER_NONNULL = YES;
				CLANG_ANALYZER_NUMBER_OBJECT_CONVERSION = YES_AGGRESSIVE;
				CLANG_CXX_LANGUAGE_STANDARD = "gnu++14";
				CLANG_CXX_LIBRARY = "libc++";
				CLANG_ENABLE_MODULES = YES;
				CLANG_ENABLE_OBJC_ARC = YES;
				CLANG_WARN_BLOCK_CAPTURE_AUTORELEASING = YES;
				CLANG_WARN_BOOL_CONVERSION = YES;
				CLANG_WARN_COMMA = YES;
				CLANG_WARN_CONSTANT_CONVERSION = YES;
				CLANG_WARN_DIRECT_OBJC_ISA_USAGE = YES_ERROR;
				CLANG_WARN_DOCUMENTATION_COMMENTS = YES;
				CLANG_WARN_EMPTY_BODY = YES;
				CLANG_WARN_ENUM_CONVERSION = YES;
				CLANG_WARN_INFINITE_RECURSION = YES;
				CLANG_WARN_INT_CONVERSION = YES;
				CLANG_WARN_NON_LITERAL_NULL_CONVERSION = YES;
				CLANG_WARN_OBJC_LITERAL_CONVERSION = YES;
				CLANG_WARN_OBJC_ROOT_CLASS = YES_ERROR;
				CLANG_WARN_RANGE_LOOP_ANALYSIS = YES;
				CLANG_WARN_STRICT_PROTOTYPES = YES;
				CLANG_WARN_SUSPICIOUS_MOVE = YES;
				CLANG_WARN_UNGUARDED_AVAILABILITY = YES_AGGRESSIVE;
				CLANG_WARN_UNREACHABLE_CODE = YES;
				CLANG_WARN__DUPLICATE_METHOD_MATCH = YES;
				CODE_SIGN_IDENTITY = "iPhone Developer";
				COPY_PHASE_STRIP = NO;
				DEBUG_INFORMATION_FORMAT = "dwarf-with-dsym";
				ENABLE_NS_ASSERTIONS = NO;
				ENABLE_STRICT_OBJC_MSGSEND = YES;
				GCC_C_LANGUAGE_STANDARD = gnu11;
				GCC_NO_COMMON_BLOCKS = YES;
				GCC_WARN_64_TO_32_BIT_CONVERSION = YES;
				GCC_WARN_ABOUT_RETURN_TYPE = YES_ERROR;
				GCC_WARN_UNDECLARED_SELECTOR = YES;
				GCC_WARN_UNINITIALIZED_AUTOS = YES_AGGRESSIVE;
				GCC_WARN_UNUSED_FUNCTION = YES;
				GCC_WARN_UNUSED_VARIABLE = YES;
				IPHONEOS_DEPLOYMENT_TARGET = 11.0;
				MTL_ENABLE_DEBUG_INFO = NO;
				SDKROOT = iphoneos;
				SWIFT_OPTIMIZATION_LEVEL = "-Owholemodule";
				VALIDATE_PRODUCT = YES;
			};
			name = Release;
		};
		03EA62F52073C7A4009F28F2 /* Debug */ = {
			isa = XCBuildConfiguration;
			buildSettings = {
				ASSETCATALOG_COMPILER_APPICON_NAME = AppIcon;
				CODE_SIGN_STYLE = Automatic;
				INFOPLIST_FILE = iOS_Workshop2/Info.plist;
				LD_RUNPATH_SEARCH_PATHS = "$(inherited) @executable_path/Frameworks";
				PRODUCT_BUNDLE_IDENTIFIER = "br.ufpe.cin.academy.iOS-Workshop2";
				PRODUCT_NAME = "$(TARGET_NAME)";
				SWIFT_VERSION = 4.0;
				TARGETED_DEVICE_FAMILY = "1,2";
			};
			name = Debug;
		};
		03EA62F62073C7A4009F28F2 /* Release */ = {
			isa = XCBuildConfiguration;
			buildSettings = {
				ASSETCATALOG_COMPILER_APPICON_NAME = AppIcon;
				CODE_SIGN_STYLE = Automatic;
				INFOPLIST_FILE = iOS_Workshop2/Info.plist;
				LD_RUNPATH_SEARCH_PATHS = "$(inherited) @executable_path/Frameworks";
				PRODUCT_BUNDLE_IDENTIFIER = "br.ufpe.cin.academy.iOS-Workshop2";
				PRODUCT_NAME = "$(TARGET_NAME)";
				SWIFT_VERSION = 4.0;
				TARGETED_DEVICE_FAMILY = "1,2";
			};
			name = Release;
		};
		03EA62F82073C7A4009F28F2 /* Debug */ = {
			isa = XCBuildConfiguration;
			buildSettings = {
				ALWAYS_EMBED_SWIFT_STANDARD_LIBRARIES = YES;
				BUNDLE_LOADER = "$(TEST_HOST)";
				CODE_SIGN_STYLE = Automatic;
				INFOPLIST_FILE = iOS_Workshop2Tests/Info.plist;
				LD_RUNPATH_SEARCH_PATHS = "$(inherited) @executable_path/Frameworks @loader_path/Frameworks";
				PRODUCT_BUNDLE_IDENTIFIER = "br.ufpe.cin.academy.iOS-Workshop2Tests";
				PRODUCT_NAME = "$(TARGET_NAME)";
				SWIFT_VERSION = 4.0;
				TARGETED_DEVICE_FAMILY = "1,2";
				TEST_HOST = "$(BUILT_PRODUCTS_DIR)/iOS_Workshop2.app/iOS_Workshop2";
			};
			name = Debug;
		};
		03EA62F92073C7A4009F28F2 /* Release */ = {
			isa = XCBuildConfiguration;
			buildSettings = {
				ALWAYS_EMBED_SWIFT_STANDARD_LIBRARIES = YES;
				BUNDLE_LOADER = "$(TEST_HOST)";
				CODE_SIGN_STYLE = Automatic;
				INFOPLIST_FILE = iOS_Workshop2Tests/Info.plist;
				LD_RUNPATH_SEARCH_PATHS = "$(inherited) @executable_path/Frameworks @loader_path/Frameworks";
				PRODUCT_BUNDLE_IDENTIFIER = "br.ufpe.cin.academy.iOS-Workshop2Tests";
				PRODUCT_NAME = "$(TARGET_NAME)";
				SWIFT_VERSION = 4.0;
				TARGETED_DEVICE_FAMILY = "1,2";
				TEST_HOST = "$(BUILT_PRODUCTS_DIR)/iOS_Workshop2.app/iOS_Workshop2";
			};
			name = Release;
		};
		03EA62FB2073C7A4009F28F2 /* Debug */ = {
			isa = XCBuildConfiguration;
			buildSettings = {
				ALWAYS_EMBED_SWIFT_STANDARD_LIBRARIES = YES;
				CODE_SIGN_STYLE = Automatic;
				INFOPLIST_FILE = iOS_Workshop2UITests/Info.plist;
				LD_RUNPATH_SEARCH_PATHS = "$(inherited) @executable_path/Frameworks @loader_path/Frameworks";
				PRODUCT_BUNDLE_IDENTIFIER = "br.ufpe.cin.academy.iOS-Workshop2UITests";
				PRODUCT_NAME = "$(TARGET_NAME)";
				SWIFT_VERSION = 4.0;
				TARGETED_DEVICE_FAMILY = "1,2";
				TEST_TARGET_NAME = iOS_Workshop2;
			};
			name = Debug;
		};
		03EA62FC2073C7A4009F28F2 /* Release */ = {
			isa = XCBuildConfiguration;
			buildSettings = {
				ALWAYS_EMBED_SWIFT_STANDARD_LIBRARIES = YES;
				CODE_SIGN_STYLE = Automatic;
				INFOPLIST_FILE = iOS_Workshop2UITests/Info.plist;
				LD_RUNPATH_SEARCH_PATHS = "$(inherited) @executable_path/Frameworks @loader_path/Frameworks";
				PRODUCT_BUNDLE_IDENTIFIER = "br.ufpe.cin.academy.iOS-Workshop2UITests";
				PRODUCT_NAME = "$(TARGET_NAME)";
				SWIFT_VERSION = 4.0;
				TARGETED_DEVICE_FAMILY = "1,2";
				TEST_TARGET_NAME = iOS_Workshop2;
			};
			name = Release;
		};
/* End XCBuildConfiguration section */

/* Begin XCConfigurationList section */
		03EA62C72073C7A4009F28F2 /* Build configuration list for PBXProject "iOS_Workshop2" */ = {
			isa = XCConfigurationList;
			buildConfigurations = (
				03EA62F22073C7A4009F28F2 /* Debug */,
				03EA62F32073C7A4009F28F2 /* Release */,
			);
			defaultConfigurationIsVisible = 0;
			defaultConfigurationName = Release;
		};
		03EA62F42073C7A4009F28F2 /* Build configuration list for PBXNativeTarget "iOS_Workshop2" */ = {
			isa = XCConfigurationList;
			buildConfigurations = (
				03EA62F52073C7A4009F28F2 /* Debug */,
				03EA62F62073C7A4009F28F2 /* Release */,
			);
			defaultConfigurationIsVisible = 0;
			defaultConfigurationName = Release;
		};
		03EA62F72073C7A4009F28F2 /* Build configuration list for PBXNativeTarget "iOS_Workshop2Tests" */ = {
			isa = XCConfigurationList;
			buildConfigurations = (
				03EA62F82073C7A4009F28F2 /* Debug */,
				03EA62F92073C7A4009F28F2 /* Release */,
			);
			defaultConfigurationIsVisible = 0;
			defaultConfigurationName = Release;
		};
		03EA62FA2073C7A4009F28F2 /* Build configuration list for PBXNativeTarget "iOS_Workshop2UITests" */ = {
			isa = XCConfigurationList;
			buildConfigurations = (
				03EA62FB2073C7A4009F28F2 /* Debug */,
				03EA62FC2073C7A4009F28F2 /* Release */,
			);
			defaultConfigurationIsVisible = 0;
			defaultConfigurationName = Release;
		};
/* End XCConfigurationList section */
	};
	rootObject = 03EA62C42073C7A4009F28F2 /* Project object */;
}
